
Microsoft Visual Studio Solution File, Format Version 12.00
# Visual Studio Version 17
VisualStudioVersion = 17.2.32616.157
MinimumVisualStudioVersion = 10.0.40219.1
Project("{9A19103F-16F7-4668-BE54-9A1E7A4F7556}") = "University.FormLanguage.Task2", "University.FormLanguage.Task2\University.FormLanguage.Task2.csproj", "{7F42D12D-3211-4E4F-8813-50AEEE9C21A8}"
EndProject
Global
	GlobalSection(SolutionConfigurationPlatforms) = preSolution
		Debug|Any CPU = Debug|Any CPU
		Release|Any CPU = Release|Any CPU
	EndGlobalSection
	GlobalSection(ProjectConfigurationPlatforms) = postSolution
		{7F42D12D-3211-4E4F-8813-50AEEE9C21A8}.Debug|Any CPU.ActiveCfg = Debug|Any CPU
		{7F42D12D-3211-4E4F-8813-50AEEE9C21A8}.Debug|Any CPU.Build.0 = Debug|Any CPU
		{7F42D12D-3211-4E4F-8813-50AEEE9C21A8}.Release|Any CPU.ActiveCfg = Release|Any CPU
		{7F42D12D-3211-4E4F-8813-50AEEE9C21A8}.Release|Any CPU.Build.0 = Release|Any CPU
	EndGlobalSection
	GlobalSection(SolutionProperties) = preSolution
		HideSolutionNode = FALSE
	EndGlobalSection
	GlobalSection(ExtensibilityGlobals) = postSolution
		SolutionGuid = {8A722B97-36EE-46AD-B159-7A3684BE429B}
	EndGlobalSection
EndGlobal
